Microsoft Visual Studio Solution File, Format Version 11.00
# Visual Studio 2008

Project("{CC3B875F-EE12-9026-42A1-68EE3CBD9B26}") = "aMAZEingFinal", "Assembly-CSharp.csproj", "{0D45D476-4533-7F35-1A7D-4BFB3BBB2F43}"
EndProject
Global
	GlobalSection(SolutionConfigurationPlatforms) = preSolution
		Debug|Any CPU = Debug|Any CPU
		Release|Any CPU = Release|Any CPU
	EndGlobalSection
	GlobalSection(ProjectConfigurationPlatforms) = postSolution
		{0D45D476-4533-7F35-1A7D-4BFB3BBB2F43}.Debug|Any CPU.ActiveCfg = Debug|Any CPU
		{0D45D476-4533-7F35-1A7D-4BFB3BBB2F43}.Debug|Any CPU.Build.0 = Debug|Any CPU
		{0D45D476-4533-7F35-1A7D-4BFB3BBB2F43}.Release|Any CPU.ActiveCfg = Release|Any CPU
		{0D45D476-4533-7F35-1A7D-4BFB3BBB2F43}.Release|Any CPU.Build.0 = Release|Any CPU
	EndGlobalSection
	GlobalSection(SolutionProperties) = preSolution
		HideSolutionNode = FALSE
	EndGlobalSection
	GlobalSection(MonoDevelopProperties) = preSolution
		StartupItem = Assembly-CSharp.csproj
	EndGlobalSection
EndGlobal
